
Microsoft Visual Studio Solution File, Format Version 11.00
# Visual Studio 2010
Project("{8BC9CEB8-8B4A-11D0-8D11-00A0C91BC942}") = "OgreInWinForms", "OgreInWinForms\OgreInWinForms.vcxproj", "{F5DDE7D3-80B6-4000-A648-8F0AFBE42B88}"
EndProject
Global
	GlobalSection(SolutionConfigurationPlatforms) = preSolution
		Debug|Win32 = Debug|Win32
		Release|Win32 = Release|Win32
	EndGlobalSection
	GlobalSection(ProjectConfigurationPlatforms) = postSolution
		{F5DDE7D3-80B6-4000-A648-8F0AFBE42B88}.Debug|Win32.ActiveCfg = Debug|Win32
		{F5DDE7D3-80B6-4000-A648-8F0AFBE42B88}.Debug|Win32.Build.0 = Debug|Win32
		{F5DDE7D3-80B6-4000-A648-8F0AFBE42B88}.Release|Win32.ActiveCfg = Release|Win32
		{F5DDE7D3-80B6-4000-A648-8F0AFBE42B88}.Release|Win32.Build.0 = Release|Win32
	EndGlobalSection
	GlobalSection(SolutionProperties) = preSolution
		HideSolutionNode = FALSE
	EndGlobalSection
EndGlobal
