
Microsoft Visual Studio Solution File, Format Version 11.00
# Visual Studio 2010
Project("{8BC9CEB8-8B4A-11D0-8D11-00A0C91BC942}") = "DynamicEffects", "DynamicEffects\DynamicEffects.vcxproj", "{32C9C71C-5EC2-4680-9557-E0B12EAD26AC}"
EndProject
Global
	GlobalSection(SolutionConfigurationPlatforms) = preSolution
		Debug|Win32 = Debug|Win32
		Release|Win32 = Release|Win32
	EndGlobalSection
	GlobalSection(ProjectConfigurationPlatforms) = postSolution
		{32C9C71C-5EC2-4680-9557-E0B12EAD26AC}.Debug|Win32.ActiveCfg = Debug|Win32
		{32C9C71C-5EC2-4680-9557-E0B12EAD26AC}.Debug|Win32.Build.0 = Debug|Win32
		{32C9C71C-5EC2-4680-9557-E0B12EAD26AC}.Release|Win32.ActiveCfg = Release|Win32
		{32C9C71C-5EC2-4680-9557-E0B12EAD26AC}.Release|Win32.Build.0 = Release|Win32
	EndGlobalSection
	GlobalSection(SolutionProperties) = preSolution
		HideSolutionNode = FALSE
	EndGlobalSection
EndGlobal
